
Microsoft Visual Studio Solution File, Format Version 12.00
# Visual Studio 15
VisualStudioVersion = 15.0.28307.168
MinimumVisualStudioVersion = 10.0.40219.1
Project("{FAE04EC0-301F-11D3-BF4B-00C04F79EFBC}") = "Lottie.Android", "Lottie\Lottie.Android\Lottie.Android.csproj", "{99CE66E9-65EE-4A6E-9B43-F4CD98E99F29}"
EndProject
Project("{FAE04EC0-301F-11D3-BF4B-00C04F79EFBC}") = "Lottie.iOS", "Lottie\Lottie.iOS\Lottie.iOS.csproj", "{01D24414-C8E8-4A55-8151-0001AAB57BDD}"
EndProject
Project("{FAE04EC0-301F-11D3-BF4B-00C04F79EFBC}") = "Lottie.UWP", "Lottie\Lottie.UWP\Lottie.UWP.csproj", "{6971CE76-2411-4B98-8024-E172735EDF6F}"
EndProject
Project("{FAE04EC0-301F-11D3-BF4B-00C04F79EFBC}") = "Lottie", "Lottie\Lottie\Lottie.csproj", "{24794874-5A2A-46F8-B966-8E0676E6E2BA}"
EndProject
Global
	GlobalSection(SolutionConfigurationPlatforms) = preSolution
		Ad-Hoc|Any CPU = Ad-Hoc|Any CPU
		Ad-Hoc|ARM = Ad-Hoc|ARM
		Ad-Hoc|iPhone = Ad-Hoc|iPhone
		Ad-Hoc|iPhoneSimulator = Ad-Hoc|iPhoneSimulator
		Ad-Hoc|x64 = Ad-Hoc|x64
		Ad-Hoc|x86 = Ad-Hoc|x86
		AppStore|Any CPU = AppStore|Any CPU
		AppStore|ARM = AppStore|ARM
		AppStore|iPhone = AppStore|iPhone
		AppStore|iPhoneSimulator = AppStore|iPhoneSimulator
		AppStore|x64 = AppStore|x64
		AppStore|x86 = AppStore|x86
		Debug|Any CPU = Debug|Any CPU
		Debug|ARM = Debug|ARM
		Debug|iPhone = Debug|iPhone
		Debug|iPhoneSimulator = Debug|iPhoneSimulator
		Debug|x64 = Debug|x64
		Debug|x86 = Debug|x86
		Release|Any CPU = Release|Any CPU
		Release|ARM = Release|ARM
		Release|iPhone = Release|iPhone
		Release|iPhoneSimulator = Release|iPhoneSimulator
		Release|x64 = Release|x64
		Release|x86 = Release|x86
	EndGlobalSection
	GlobalSection(ProjectConfigurationPlatforms) = postSolution
		{99CE66E9-65EE-4A6E-9B43-F4CD98E99F29}.Ad-Hoc|Any CPU.ActiveCfg = Release|Any CPU
		{99CE66E9-65EE-4A6E-9B43-F4CD98E99F29}.Ad-Hoc|Any CPU.Build.0 = Release|Any CPU
		{99CE66E9-65EE-4A6E-9B43-F4CD98E99F29}.Ad-Hoc|Any CPU.Deploy.0 = Release|Any CPU
		{99CE66E9-65EE-4A6E-9B43-F4CD98E99F29}.Ad-Hoc|ARM.ActiveCfg = Release|Any CPU
		{99CE66E9-65EE-4A6E-9B43-F4CD98E99F29}.Ad-Hoc|ARM.Build.0 = Release|Any CPU
		{99CE66E9-65EE-4A6E-9B43-F4CD98E99F29}.Ad-Hoc|ARM.Deploy.0 = Release|Any CPU
		{99CE66E9-65EE-4A6E-9B43-F4CD98E99F29}.Ad-Hoc|iPhone.ActiveCfg = Release|Any CPU
		{99CE66E9-65EE-4A6E-9B43-F4CD98E99F29}.Ad-Hoc|iPhone.Build.0 = Release|Any CPU
		{99CE66E9-65EE-4A6E-9B43-F4CD98E99F29}.Ad-Hoc|iPhone.Deploy.0 = Release|Any CPU
		{99CE66E9-65EE-4A6E-9B43-F4CD98E99F29}.Ad-Hoc|iPhoneSimulator.ActiveCfg = Release|Any CPU
		{99CE66E9-65EE-4A6E-9B43-F4CD98E99F29}.Ad-Hoc|iPhoneSimulator.Build.0 = Release|Any CPU
		{99CE66E9-65EE-4A6E-9B43-F4CD98E99F29}.Ad-Hoc|iPhoneSimulator.Deploy.0 = Release|Any CPU
		{99CE66E9-65EE-4A6E-9B43-F4CD98E99F29}.Ad-Hoc|x64.ActiveCfg = Release|Any CPU
		{99CE66E9-65EE-4A6E-9B43-F4CD98E99F29}.Ad-Hoc|x64.Build.0 = Release|Any CPU
		{99CE66E9-65EE-4A6E-9B43-F4CD98E99F29}.Ad-Hoc|x64.Deploy.0 = Release|Any CPU
		{99CE66E9-65EE-4A6E-9B43-F4CD98E99F29}.Ad-Hoc|x86.ActiveCfg = Release|Any CPU
		{99CE66E9-65EE-4A6E-9B43-F4CD98E99F29}.Ad-Hoc|x86.Build.0 = Release|Any CPU
		{99CE66E9-65EE-4A6E-9B43-F4CD98E99F29}.Ad-Hoc|x86.Deploy.0 = Release|Any CPU
		{99CE66E9-65EE-4A6E-9B43-F4CD98E99F29}.AppStore|Any CPU.ActiveCfg = Release|Any CPU
		{99CE66E9-65EE-4A6E-9B43-F4CD98E99F29}.AppStore|Any CPU.Build.0 = Release|Any CPU
		{99CE66E9-65EE-4A6E-9B43-F4CD98E99F29}.AppStore|Any CPU.Deploy.0 = Release|Any CPU
		{99CE66E9-65EE-4A6E-9B43-F4CD98E99F29}.AppStore|ARM.ActiveCfg = Release|Any CPU
		{99CE66E9-65EE-4A6E-9B43-F4CD98E99F29}.AppStore|ARM.Build.0 = Release|Any CPU
		{99CE66E9-65EE-4A6E-9B43-F4CD98E99F29}.AppStore|ARM.Deploy.0 = Release|Any CPU
		{99CE66E9-65EE-4A6E-9B43-F4CD98E99F29}.AppStore|iPhone.ActiveCfg = Release|Any CPU
		{99CE66E9-65EE-4A6E-9B43-F4CD98E99F29}.AppStore|iPhone.Build.0 = Release|Any CPU
		{99CE66E9-65EE-4A6E-9B43-F4CD98E99F29}.AppStore|iPhone.Deploy.0 = Release|Any CPU
		{99CE66E9-65EE-4A6E-9B43-F4CD98E99F29}.AppStore|iPhoneSimulator.ActiveCfg = Release|Any CPU
		{99CE66E9-65EE-4A6E-9B43-F4CD98E99F29}.AppStore|iPhoneSimulator.Build.0 = Release|Any CPU
		{99CE66E9-65EE-4A6E-9B43-F4CD98E99F29}.AppStore|iPhoneSimulator.Deploy.0 = Release|Any CPU
		{99CE66E9-65EE-4A6E-9B43-F4CD98E99F29}.AppStore|x64.ActiveCfg = Release|Any CPU
		{99CE66E9-65EE-4A6E-9B43-F4CD98E99F29}.AppStore|x64.Build.0 = Release|Any CPU
		{99CE66E9-65EE-4A6E-9B43-F4CD98E99F29}.AppStore|x64.Deploy.0 = Release|Any CPU
		{99CE66E9-65EE-4A6E-9B43-F4CD98E99F29}.AppStore|x86.ActiveCfg = Release|Any CPU
		{99CE66E9-65EE-4A6E-9B43-F4CD98E99F29}.AppStore|x86.Build.0 = Release|Any CPU
		{99CE66E9-65EE-4A6E-9B43-F4CD98E99F29}.AppStore|x86.Deploy.0 = Release|Any CPU
		{99CE66E9-65EE-4A6E-9B43-F4CD98E99F29}.Debug|Any CPU.ActiveCfg = Debug|Any CPU
		{99CE66E9-65EE-4A6E-9B43-F4CD98E99F29}.Debug|Any CPU.Build.0 = Debug|Any CPU
		{99CE66E9-65EE-4A6E-9B43-F4CD98E99F29}.Debug|Any CPU.Deploy.0 = Debug|Any CPU
		{99CE66E9-65EE-4A6E-9B43-F4CD98E99F29}.Debug|ARM.ActiveCfg = Debug|Any CPU
		{99CE66E9-65EE-4A6E-9B43-F4CD98E99F29}.Debug|ARM.Build.0 = Debug|Any CPU
		{99CE66E9-65EE-4A6E-9B43-F4CD98E99F29}.Debug|ARM.Deploy.0 = Debug|Any CPU
		{99CE66E9-65EE-4A6E-9B43-F4CD98E99F29}.Debug|iPhone.ActiveCfg = Debug|Any CPU
		{99CE66E9-65EE-4A6E-9B43-F4CD98E99F29}.Debug|iPhone.Build.0 = Debug|Any CPU
		{99CE66E9-65EE-4A6E-9B43-F4CD98E99F29}.Debug|iPhone.Deploy.0 = Debug|Any CPU
		{99CE66E9-65EE-4A6E-9B43-F4CD98E99F29}.Debug|iPhoneSimulator.ActiveCfg = Debug|Any CPU
		{99CE66E9-65EE-4A6E-9B43-F4CD98E99F29}.Debug|iPhoneSimulator.Build.0 = Debug|Any CPU
		{99CE66E9-65EE-4A6E-9B43-F4CD98E99F29}.Debug|iPhoneSimulator.Deploy.0 = Debug|Any CPU
		{99CE66E9-65EE-4A6E-9B43-F4CD98E99F29}.Debug|x64.ActiveCfg = Debug|Any CPU
		{99CE66E9-65EE-4A6E-9B43-F4CD98E99F29}.Debug|x64.Build.0 = Debug|Any CPU
		{99CE66E9-65EE-4A6E-9B43-F4CD98E99F29}.Debug|x64.Deploy.0 = Debug|Any CPU
		{99CE66E9-65EE-4A6E-9B43-F4CD98E99F29}.Debug|x86.ActiveCfg = Debug|Any CPU
		{99CE66E9-65EE-4A6E-9B43-F4CD98E99F29}.Debug|x86.Build.0 = Debug|Any CPU
		{99CE66E9-65EE-4A6E-9B43-F4CD98E99F29}.Debug|x86.Deploy.0 = Debug|Any CPU
		{99CE66E9-65EE-4A6E-9B43-F4CD98E99F29}.Release|Any CPU.ActiveCfg = Release|Any CPU
		{99CE66E9-65EE-4A6E-9B43-F4CD98E99F29}.Release|Any CPU.Build.0 = Release|Any CPU
		{99CE66E9-65EE-4A6E-9B43-F4CD98E99F29}.Release|Any CPU.Deploy.0 = Release|Any CPU
		{99CE66E9-65EE-4A6E-9B43-F4CD98E99F29}.Release|ARM.ActiveCfg = Release|Any CPU
		{99CE66E9-65EE-4A6E-9B43-F4CD98E99F29}.Release|ARM.Build.0 = Release|Any CPU
		{99CE66E9-65EE-4A6E-9B43-F4CD98E99F29}.Release|ARM.Deploy.0 = Release|Any CPU
		{99CE66E9-65EE-4A6E-9B43-F4CD98E99F29}.Release|iPhone.ActiveCfg = Release|Any CPU
		{99CE66E9-65EE-4A6E-9B43-F4CD98E99F29}.Release|iPhone.Build.0 = Release|Any CPU
		{99CE66E9-65EE-4A6E-9B43-F4CD98E99F29}.Release|iPhone.Deploy.0 = Release|Any CPU
		{99CE66E9-65EE-4A6E-9B43-F4CD98E99F29}.Release|iPhoneSimulator.ActiveCfg = Release|Any CPU
		{99CE66E9-65EE-4A6E-9B43-F4CD98E99F29}.Release|iPhoneSimulator.Build.0 = Release|Any CPU
		{99CE66E9-65EE-4A6E-9B43-F4CD98E99F29}.Release|iPhoneSimulator.Deploy.0 = Release|Any CPU
		{99CE66E9-65EE-4A6E-9B43-F4CD98E99F29}.Release|x64.ActiveCfg = Release|Any CPU
		{99CE66E9-65EE-4A6E-9B43-F4CD98E99F29}.Release|x64.Build.0 = Release|Any CPU
		{99CE66E9-65EE-4A6E-9B43-F4CD98E99F29}.Release|x64.Deploy.0 = Release|Any CPU
		{99CE66E9-65EE-4A6E-9B43-F4CD98E99F29}.Release|x86.ActiveCfg = Release|Any CPU
		{99CE66E9-65EE-4A6E-9B43-F4CD98E99F29}.Release|x86.Build.0 = Release|Any CPU
		{99CE66E9-65EE-4A6E-9B43-F4CD98E99F29}.Release|x86.Deploy.0 = Release|Any CPU
		{01D24414-C8E8-4A55-8151-0001AAB57BDD}.Ad-Hoc|Any CPU.ActiveCfg = Ad-Hoc|iPhone
		{01D24414-C8E8-4A55-8151-0001AAB57BDD}.Ad-Hoc|Any CPU.Build.0 = Ad-Hoc|iPhone
		{01D24414-C8E8-4A55-8151-0001AAB57BDD}.Ad-Hoc|Any CPU.Deploy.0 = Ad-Hoc|iPhone
		{01D24414-C8E8-4A55-8151-0001AAB57BDD}.Ad-Hoc|ARM.ActiveCfg = Ad-Hoc|iPhone
		{01D24414-C8E8-4A55-8151-0001AAB57BDD}.Ad-Hoc|ARM.Build.0 = Ad-Hoc|iPhone
		{01D24414-C8E8-4A55-8151-0001AAB57BDD}.Ad-Hoc|ARM.Deploy.0 = Ad-Hoc|iPhone
		{01D24414-C8E8-4A55-8151-0001AAB57BDD}.Ad-Hoc|iPhone.ActiveCfg = Ad-Hoc|iPhone
		{01D24414-C8E8-4A55-8151-0001AAB57BDD}.Ad-Hoc|iPhone.Build.0 = Ad-Hoc|iPhone
		{01D24414-C8E8-4A55-8151-0001AAB57BDD}.Ad-Hoc|iPhone.Deploy.0 = Ad-Hoc|iPhone
		{01D24414-C8E8-4A55-8151-0001AAB57BDD}.Ad-Hoc|iPhoneSimulator.ActiveCfg = Ad-Hoc|iPhoneSimulator
		{01D24414-C8E8-4A55-8151-0001AAB57BDD}.Ad-Hoc|iPhoneSimulator.Build.0 = Ad-Hoc|iPhoneSimulator
		{01D24414-C8E8-4A55-8151-0001AAB57BDD}.Ad-Hoc|iPhoneSimulator.Deploy.0 = Ad-Hoc|iPhoneSimulator
		{01D24414-C8E8-4A55-8151-0001AAB57BDD}.Ad-Hoc|x64.ActiveCfg = Ad-Hoc|iPhone
		{01D24414-C8E8-4A55-8151-0001AAB57BDD}.Ad-Hoc|x64.Build.0 = Ad-Hoc|iPhone
		{01D24414-C8E8-4A55-8151-0001AAB57BDD}.Ad-Hoc|x64.Deploy.0 = Ad-Hoc|iPhone
		{01D24414-C8E8-4A55-8151-0001AAB57BDD}.Ad-Hoc|x86.ActiveCfg = Ad-Hoc|iPhone
		{01D24414-C8E8-4A55-8151-0001AAB57BDD}.Ad-Hoc|x86.Build.0 = Ad-Hoc|iPhone
		{01D24414-C8E8-4A55-8151-0001AAB57BDD}.Ad-Hoc|x86.Deploy.0 = Ad-Hoc|iPhone
		{01D24414-C8E8-4A55-8151-0001AAB57BDD}.AppStore|Any CPU.ActiveCfg = AppStore|iPhone
		{01D24414-C8E8-4A55-8151-0001AAB57BDD}.AppStore|Any CPU.Build.0 = AppStore|iPhone
		{01D24414-C8E8-4A55-8151-0001AAB57BDD}.AppStore|Any CPU.Deploy.0 = AppStore|iPhone
		{01D24414-C8E8-4A55-8151-0001AAB57BDD}.AppStore|ARM.ActiveCfg = AppStore|iPhone
		{01D24414-C8E8-4A55-8151-0001AAB57BDD}.AppStore|ARM.Build.0 = AppStore|iPhone
		{01D24414-C8E8-4A55-8151-0001AAB57BDD}.AppStore|ARM.Deploy.0 = AppStore|iPhone
		{01D24414-C8E8-4A55-8151-0001AAB57BDD}.AppStore|iPhone.ActiveCfg = AppStore|iPhone
		{01D24414-C8E8-4A55-8151-0001AAB57BDD}.AppStore|iPhone.Build.0 = AppStore|iPhone
		{01D24414-C8E8-4A55-8151-0001AAB57BDD}.AppStore|iPhone.Deploy.0 = AppStore|iPhone
		{01D24414-C8E8-4A55-8151-0001AAB57BDD}.AppStore|iPhoneSimulator.ActiveCfg = AppStore|iPhoneSimulator
		{01D24414-C8E8-4A55-8151-0001AAB57BDD}.AppStore|iPhoneSimulator.Build.0 = AppStore|iPhoneSimulator
		{01D24414-C8E8-4A55-8151-0001AAB57BDD}.AppStore|iPhoneSimulator.Deploy.0 = AppStore|iPhoneSimulator
		{01D24414-C8E8-4A55-8151-0001AAB57BDD}.AppStore|x64.ActiveCfg = AppStore|iPhone
		{01D24414-C8E8-4A55-8151-0001AAB57BDD}.AppStore|x64.Build.0 = AppStore|iPhone
		{01D24414-C8E8-4A55-8151-0001AAB57BDD}.AppStore|x64.Deploy.0 = AppStore|iPhone
		{01D24414-C8E8-4A55-8151-0001AAB57BDD}.AppStore|x86.ActiveCfg = AppStore|iPhone
		{01D24414-C8E8-4A55-8151-0001AAB57BDD}.AppStore|x86.Build.0 = AppStore|iPhone
		{01D24414-C8E8-4A55-8151-0001AAB57BDD}.AppStore|x86.Deploy.0 = AppStore|iPhone
		{01D24414-C8E8-4A55-8151-0001AAB57BDD}.Debug|Any CPU.ActiveCfg = Debug|iPhoneSimulator
		{01D24414-C8E8-4A55-8151-0001AAB57BDD}.Debug|Any CPU.Build.0 = Debug|iPhoneSimulator
		{01D24414-C8E8-4A55-8151-0001AAB57BDD}.Debug|Any CPU.Deploy.0 = Debug|iPhoneSimulator
		{01D24414-C8E8-4A55-8151-0001AAB57BDD}.Debug|ARM.ActiveCfg = Debug|iPhone
		{01D24414-C8E8-4A55-8151-0001AAB57BDD}.Debug|ARM.Build.0 = Debug|iPhone
		{01D24414-C8E8-4A55-8151-0001AAB57BDD}.Debug|ARM.Deploy.0 = Debug|iPhone
		{01D24414-C8E8-4A55-8151-0001AAB57BDD}.Debug|iPhone.ActiveCfg = Debug|iPhone
		{01D24414-C8E8-4A55-8151-0001AAB57BDD}.Debug|iPhone.Build.0 = Debug|iPhone
		{01D24414-C8E8-4A55-8151-0001AAB57BDD}.Debug|iPhone.Deploy.0 = Debug|iPhone
		{01D24414-C8E8-4A55-8151-0001AAB57BDD}.Debug|iPhoneSimulator.ActiveCfg = Debug|iPhoneSimulator
		{01D24414-C8E8-4A55-8151-0001AAB57BDD}.Debug|iPhoneSimulator.Build.0 = Debug|iPhoneSimulator
		{01D24414-C8E8-4A55-8151-0001AAB57BDD}.Debug|iPhoneSimulator.Deploy.0 = Debug|iPhoneSimulator
		{01D24414-C8E8-4A55-8151-0001AAB57BDD}.Debug|x64.ActiveCfg = Debug|iPhone
		{01D24414-C8E8-4A55-8151-0001AAB57BDD}.Debug|x64.Build.0 = Debug|iPhone
		{01D24414-C8E8-4A55-8151-0001AAB57BDD}.Debug|x64.Deploy.0 = Debug|iPhone
		{01D24414-C8E8-4A55-8151-0001AAB57BDD}.Debug|x86.ActiveCfg = Debug|iPhone
		{01D24414-C8E8-4A55-8151-0001AAB57BDD}.Debug|x86.Build.0 = Debug|iPhone
		{01D24414-C8E8-4A55-8151-0001AAB57BDD}.Debug|x86.Deploy.0 = Debug|iPhone
		{01D24414-C8E8-4A55-8151-0001AAB57BDD}.Release|Any CPU.ActiveCfg = Release|iPhone
		{01D24414-C8E8-4A55-8151-0001AAB57BDD}.Release|Any CPU.Build.0 = Release|iPhone
		{01D24414-C8E8-4A55-8151-0001AAB57BDD}.Release|Any CPU.Deploy.0 = Release|iPhone
		{01D24414-C8E8-4A55-8151-0001AAB57BDD}.Release|ARM.ActiveCfg = Release|iPhone
		{01D24414-C8E8-4A55-8151-0001AAB57BDD}.Release|ARM.Build.0 = Release|iPhone
		{01D24414-C8E8-4A55-8151-0001AAB57BDD}.Release|ARM.Deploy.0 = Release|iPhone
		{01D24414-C8E8-4A55-8151-0001AAB57BDD}.Release|iPhone.ActiveCfg = Release|iPhone
		{01D24414-C8E8-4A55-8151-0001AAB57BDD}.Release|iPhone.Build.0 = Release|iPhone
		{01D24414-C8E8-4A55-8151-0001AAB57BDD}.Release|iPhone.Deploy.0 = Release|iPhone
		{01D24414-C8E8-4A55-8151-0001AAB57BDD}.Release|iPhoneSimulator.ActiveCfg = Release|iPhoneSimulator
		{01D24414-C8E8-4A55-8151-0001AAB57BDD}.Release|iPhoneSimulator.Build.0 = Release|iPhoneSimulator
		{01D24414-C8E8-4A55-8151-0001AAB57BDD}.Release|iPhoneSimulator.Deploy.0 = Release|iPhoneSimulator
		{01D24414-C8E8-4A55-8151-0001AAB57BDD}.Release|x64.ActiveCfg = Release|iPhone
		{01D24414-C8E8-4A55-8151-0001AAB57BDD}.Release|x64.Build.0 = Release|iPhone
		{01D24414-C8E8-4A55-8151-0001AAB57BDD}.Release|x64.Deploy.0 = Release|iPhone
		{01D24414-C8E8-4A55-8151-0001AAB57BDD}.Release|x86.ActiveCfg = Release|iPhone
		{01D24414-C8E8-4A55-8151-0001AAB57BDD}.Release|x86.Build.0 = Release|iPhone
		{01D24414-C8E8-4A55-8151-0001AAB57BDD}.Release|x86.Deploy.0 = Release|iPhone
		{6971CE76-2411-4B98-8024-E172735EDF6F}.Ad-Hoc|Any CPU.ActiveCfg = Release|x86
		{6971CE76-2411-4B98-8024-E172735EDF6F}.Ad-Hoc|Any CPU.Build.0 = Release|x86
		{6971CE76-2411-4B98-8024-E172735EDF6F}.Ad-Hoc|Any CPU.Deploy.0 = Release|x86
		{6971CE76-2411-4B98-8024-E172735EDF6F}.Ad-Hoc|ARM.ActiveCfg = Release|ARM
		{6971CE76-2411-4B98-8024-E172735EDF6F}.Ad-Hoc|ARM.Build.0 = Release|ARM
		{6971CE76-2411-4B98-8024-E172735EDF6F}.Ad-Hoc|ARM.Deploy.0 = Release|ARM
		{6971CE76-2411-4B98-8024-E172735EDF6F}.Ad-Hoc|iPhone.ActiveCfg = Release|x86
		{6971CE76-2411-4B98-8024-E172735EDF6F}.Ad-Hoc|iPhone.Build.0 = Release|x86
		{6971CE76-2411-4B98-8024-E172735EDF6F}.Ad-Hoc|iPhone.Deploy.0 = Release|x86
		{6971CE76-2411-4B98-8024-E172735EDF6F}.Ad-Hoc|iPhoneSimulator.ActiveCfg = Release|x86
		{6971CE76-2411-4B98-8024-E172735EDF6F}.Ad-Hoc|iPhoneSimulator.Build.0 = Release|x86
		{6971CE76-2411-4B98-8024-E172735EDF6F}.Ad-Hoc|iPhoneSimulator.Deploy.0 = Release|x86
		{6971CE76-2411-4B98-8024-E172735EDF6F}.Ad-Hoc|x64.ActiveCfg = Release|x64
		{6971CE76-2411-4B98-8024-E172735EDF6F}.Ad-Hoc|x64.Build.0 = Release|x64
		{6971CE76-2411-4B98-8024-E172735EDF6F}.Ad-Hoc|x64.Deploy.0 = Release|x64
		{6971CE76-2411-4B98-8024-E172735EDF6F}.Ad-Hoc|x86.ActiveCfg = Release|x86
		{6971CE76-2411-4B98-8024-E172735EDF6F}.Ad-Hoc|x86.Build.0 = Release|x86
		{6971CE76-2411-4B98-8024-E172735EDF6F}.Ad-Hoc|x86.Deploy.0 = Release|x86
		{6971CE76-2411-4B98-8024-E172735EDF6F}.AppStore|Any CPU.ActiveCfg = Release|x86
		{6971CE76-2411-4B98-8024-E172735EDF6F}.AppStore|Any CPU.Build.0 = Release|x86
		{6971CE76-2411-4B98-8024-E172735EDF6F}.AppStore|Any CPU.Deploy.0 = Release|x86
		{6971CE76-2411-4B98-8024-E172735EDF6F}.AppStore|ARM.ActiveCfg = Release|ARM
		{6971CE76-2411-4B98-8024-E172735EDF6F}.AppStore|ARM.Build.0 = Release|ARM
		{6971CE76-2411-4B98-8024-E172735EDF6F}.AppStore|ARM.Deploy.0 = Release|ARM
		{6971CE76-2411-4B98-8024-E172735EDF6F}.AppStore|iPhone.ActiveCfg = Release|x86
		{6971CE76-2411-4B98-8024-E172735EDF6F}.AppStore|iPhone.Build.0 = Release|x86
		{6971CE76-2411-4B98-8024-E172735EDF6F}.AppStore|iPhone.Deploy.0 = Release|x86
		{6971CE76-2411-4B98-8024-E172735EDF6F}.AppStore|iPhoneSimulator.ActiveCfg = Release|x86
		{6971CE76-2411-4B98-8024-E172735EDF6F}.AppStore|iPhoneSimulator.Build.0 = Release|x86
		{6971CE76-2411-4B98-8024-E172735EDF6F}.AppStore|iPhoneSimulator.Deploy.0 = Release|x86
		{6971CE76-2411-4B98-8024-E172735EDF6F}.AppStore|x64.ActiveCfg = Release|x64
		{6971CE76-2411-4B98-8024-E172735EDF6F}.AppStore|x64.Build.0 = Release|x64
		{6971CE76-2411-4B98-8024-E172735EDF6F}.AppStore|x64.Deploy.0 = Release|x64
		{6971CE76-2411-4B98-8024-E172735EDF6F}.AppStore|x86.ActiveCfg = Release|x86
		{6971CE76-2411-4B98-8024-E172735EDF6F}.AppStore|x86.Build.0 = Release|x86
		{6971CE76-2411-4B98-8024-E172735EDF6F}.AppStore|x86.Deploy.0 = Release|x86
		{6971CE76-2411-4B98-8024-E172735EDF6F}.Debug|Any CPU.ActiveCfg = Debug|x86
		{6971CE76-2411-4B98-8024-E172735EDF6F}.Debug|Any CPU.Build.0 = Debug|x86
		{6971CE76-2411-4B98-8024-E172735EDF6F}.Debug|Any CPU.Deploy.0 = Debug|x86
		{6971CE76-2411-4B98-8024-E172735EDF6F}.Debug|ARM.ActiveCfg = Debug|ARM
		{6971CE76-2411-4B98-8024-E172735EDF6F}.Debug|ARM.Build.0 = Debug|ARM
		{6971CE76-2411-4B98-8024-E172735EDF6F}.Debug|ARM.Deploy.0 = Debug|ARM
		{6971CE76-2411-4B98-8024-E172735EDF6F}.Debug|iPhone.ActiveCfg = Debug|x86
		{6971CE76-2411-4B98-8024-E172735EDF6F}.Debug|iPhone.Build.0 = Debug|x86
		{6971CE76-2411-4B98-8024-E172735EDF6F}.Debug|iPhone.Deploy.0 = Debug|x86
		{6971CE76-2411-4B98-8024-E172735EDF6F}.Debug|iPhoneSimulator.ActiveCfg = Debug|x86
		{6971CE76-2411-4B98-8024-E172735EDF6F}.Debug|iPhoneSimulator.Build.0 = Debug|x86
		{6971CE76-2411-4B98-8024-E172735EDF6F}.Debug|iPhoneSimulator.Deploy.0 = Debug|x86
		{6971CE76-2411-4B98-8024-E172735EDF6F}.Debug|x64.ActiveCfg = Debug|x64
		{6971CE76-2411-4B98-8024-E172735EDF6F}.Debug|x64.Build.0 = Debug|x64
		{6971CE76-2411-4B98-8024-E172735EDF6F}.Debug|x64.Deploy.0 = Debug|x64
		{6971CE76-2411-4B98-8024-E172735EDF6F}.Debug|x86.ActiveCfg = Debug|x86
		{6971CE76-2411-4B98-8024-E172735EDF6F}.Debug|x86.Build.0 = Debug|x86
		{6971CE76-2411-4B98-8024-E172735EDF6F}.Debug|x86.Deploy.0 = Debug|x86
		{6971CE76-2411-4B98-8024-E172735EDF6F}.Release|Any CPU.ActiveCfg = Release|x86
		{6971CE76-2411-4B98-8024-E172735EDF6F}.Release|Any CPU.Build.0 = Release|x86
		{6971CE76-2411-4B98-8024-E172735EDF6F}.Release|Any CPU.Deploy.0 = Release|x86
		{6971CE76-2411-4B98-8024-E172735EDF6F}.Release|ARM.ActiveCfg = Release|ARM
		{6971CE76-2411-4B98-8024-E172735EDF6F}.Release|ARM.Build.0 = Release|ARM
		{6971CE76-2411-4B98-8024-E172735EDF6F}.Release|ARM.Deploy.0 = Release|ARM
		{6971CE76-2411-4B98-8024-E172735EDF6F}.Release|iPhone.ActiveCfg = Release|x86
		{6971CE76-2411-4B98-8024-E172735EDF6F}.Release|iPhone.Build.0 = Release|x86
		{6971CE76-2411-4B98-8024-E172735EDF6F}.Release|iPhone.Deploy.0 = Release|x86
		{6971CE76-2411-4B98-8024-E172735EDF6F}.Release|iPhoneSimulator.ActiveCfg = Release|x86
		{6971CE76-2411-4B98-8024-E172735EDF6F}.Release|iPhoneSimulator.Build.0 = Release|x86
		{6971CE76-2411-4B98-8024-E172735EDF6F}.Release|iPhoneSimulator.Deploy.0 = Release|x86
		{6971CE76-2411-4B98-8024-E172735EDF6F}.Release|x64.ActiveCfg = Release|x64
		{6971CE76-2411-4B98-8024-E172735EDF6F}.Release|x64.Build.0 = Release|x64
		{6971CE76-2411-4B98-8024-E172735EDF6F}.Release|x64.Deploy.0 = Release|x64
		{6971CE76-2411-4B98-8024-E172735EDF6F}.Release|x86.ActiveCfg = Release|x86
		{6971CE76-2411-4B98-8024-E172735EDF6F}.Release|x86.Build.0 = Release|x86
		{6971CE76-2411-4B98-8024-E172735EDF6F}.Release|x86.Deploy.0 = Release|x86
		{24794874-5A2A-46F8-B966-8E0676E6E2BA}.Ad-Hoc|Any CPU.ActiveCfg = Debug|Any CPU
		{24794874-5A2A-46F8-B966-8E0676E6E2BA}.Ad-Hoc|Any CPU.Build.0 = Debug|Any CPU
		{24794874-5A2A-46F8-B966-8E0676E6E2BA}.Ad-Hoc|Any CPU.Deploy.0 = Debug|Any CPU
		{24794874-5A2A-46F8-B966-8E0676E6E2BA}.Ad-Hoc|ARM.ActiveCfg = Debug|Any CPU
		{24794874-5A2A-46F8-B966-8E0676E6E2BA}.Ad-Hoc|ARM.Build.0 = Debug|Any CPU
		{24794874-5A2A-46F8-B966-8E0676E6E2BA}.Ad-Hoc|ARM.Deploy.0 = Debug|Any CPU
		{24794874-5A2A-46F8-B966-8E0676E6E2BA}.Ad-Hoc|iPhone.ActiveCfg = Debug|Any CPU
		{24794874-5A2A-46F8-B966-8E0676E6E2BA}.Ad-Hoc|iPhone.Build.0 = Debug|Any CPU
		{24794874-5A2A-46F8-B966-8E0676E6E2BA}.Ad-Hoc|iPhone.Deploy.0 = Debug|Any CPU
		{24794874-5A2A-46F8-B966-8E0676E6E2BA}.Ad-Hoc|iPhoneSimulator.ActiveCfg = Debug|Any CPU
		{24794874-5A2A-46F8-B966-8E0676E6E2BA}.Ad-Hoc|iPhoneSimulator.Build.0 = Debug|Any CPU
		{24794874-5A2A-46F8-B966-8E0676E6E2BA}.Ad-Hoc|iPhoneSimulator.Deploy.0 = Debug|Any CPU
		{24794874-5A2A-46F8-B966-8E0676E6E2BA}.Ad-Hoc|x64.ActiveCfg = Debug|Any CPU
		{24794874-5A2A-46F8-B966-8E0676E6E2BA}.Ad-Hoc|x64.Build.0 = Debug|Any CPU
		{24794874-5A2A-46F8-B966-8E0676E6E2BA}.Ad-Hoc|x64.Deploy.0 = Debug|Any CPU
		{24794874-5A2A-46F8-B966-8E0676E6E2BA}.Ad-Hoc|x86.ActiveCfg = Debug|Any CPU
		{24794874-5A2A-46F8-B966-8E0676E6E2BA}.Ad-Hoc|x86.Build.0 = Debug|Any CPU
		{24794874-5A2A-46F8-B966-8E0676E6E2BA}.Ad-Hoc|x86.Deploy.0 = Debug|Any CPU
		{24794874-5A2A-46F8-B966-8E0676E6E2BA}.AppStore|Any CPU.ActiveCfg = Debug|Any CPU
		{24794874-5A2A-46F8-B966-8E0676E6E2BA}.AppStore|Any CPU.Build.0 = Debug|Any CPU
		{24794874-5A2A-46F8-B966-8E0676E6E2BA}.AppStore|Any CPU.Deploy.0 = Debug|Any CPU
		{24794874-5A2A-46F8-B966-8E0676E6E2BA}.AppStore|ARM.ActiveCfg = Debug|Any CPU
		{24794874-5A2A-46F8-B966-8E0676E6E2BA}.AppStore|ARM.Build.0 = Debug|Any CPU
		{24794874-5A2A-46F8-B966-8E0676E6E2BA}.AppStore|ARM.Deploy.0 = Debug|Any CPU
		{24794874-5A2A-46F8-B966-8E0676E6E2BA}.AppStore|iPhone.ActiveCfg = Debug|Any CPU
		{24794874-5A2A-46F8-B966-8E0676E6E2BA}.AppStore|iPhone.Build.0 = Debug|Any CPU
		{24794874-5A2A-46F8-B966-8E0676E6E2BA}.AppStore|iPhone.Deploy.0 = Debug|Any CPU
		{24794874-5A2A-46F8-B966-8E0676E6E2BA}.AppStore|iPhoneSimulator.ActiveCfg = Debug|Any CPU
		{24794874-5A2A-46F8-B966-8E0676E6E2BA}.AppStore|iPhoneSimulator.Build.0 = Debug|Any CPU
		{24794874-5A2A-46F8-B966-8E0676E6E2BA}.AppStore|iPhoneSimulator.Deploy.0 = Debug|Any CPU
		{24794874-5A2A-46F8-B966-8E0676E6E2BA}.AppStore|x64.ActiveCfg = Debug|Any CPU
		{24794874-5A2A-46F8-B966-8E0676E6E2BA}.AppStore|x64.Build.0 = Debug|Any CPU
		{24794874-5A2A-46F8-B966-8E0676E6E2BA}.AppStore|x64.Deploy.0 = Debug|Any CPU
		{24794874-5A2A-46F8-B966-8E0676E6E2BA}.AppStore|x86.ActiveCfg = Debug|Any CPU
		{24794874-5A2A-46F8-B966-8E0676E6E2BA}.AppStore|x86.Build.0 = Debug|Any CPU
		{24794874-5A2A-46F8-B966-8E0676E6E2BA}.AppStore|x86.Deploy.0 = Debug|Any CPU
		{24794874-5A2A-46F8-B966-8E0676E6E2BA}.Debug|Any CPU.ActiveCfg = Debug|Any CPU
		{24794874-5A2A-46F8-B966-8E0676E6E2BA}.Debug|Any CPU.Build.0 = Debug|Any CPU
		{24794874-5A2A-46F8-B966-8E0676E6E2BA}.Debug|Any CPU.Deploy.0 = Debug|Any CPU
		{24794874-5A2A-46F8-B966-8E0676E6E2BA}.Debug|ARM.ActiveCfg = Debug|Any CPU
		{24794874-5A2A-46F8-B966-8E0676E6E2BA}.Debug|ARM.Build.0 = Debug|Any CPU
		{24794874-5A2A-46F8-B966-8E0676E6E2BA}.Debug|ARM.Deploy.0 = Debug|Any CPU
		{24794874-5A2A-46F8-B966-8E0676E6E2BA}.Debug|iPhone.ActiveCfg = Debug|Any CPU
		{24794874-5A2A-46F8-B966-8E0676E6E2BA}.Debug|iPhone.Build.0 = Debug|Any CPU
		{24794874-5A2A-46F8-B966-8E0676E6E2BA}.Debug|iPhone.Deploy.0 = Debug|Any CPU
		{24794874-5A2A-46F8-B966-8E0676E6E2BA}.Debug|iPhoneSimulator.ActiveCfg = Debug|Any CPU
		{24794874-5A2A-46F8-B966-8E0676E6E2BA}.Debug|iPhoneSimulator.Build.0 = Debug|Any CPU
		{24794874-5A2A-46F8-B966-8E0676E6E2BA}.Debug|iPhoneSimulator.Deploy.0 = Debug|Any CPU
		{24794874-5A2A-46F8-B966-8E0676E6E2BA}.Debug|x64.ActiveCfg = Debug|Any CPU
		{24794874-5A2A-46F8-B966-8E0676E6E2BA}.Debug|x64.Build.0 = Debug|Any CPU
		{24794874-5A2A-46F8-B966-8E0676E6E2BA}.Debug|x64.Deploy.0 = Debug|Any CPU
		{24794874-5A2A-46F8-B966-8E0676E6E2BA}.Debug|x86.ActiveCfg = Debug|Any CPU
		{24794874-5A2A-46F8-B966-8E0676E6E2BA}.Debug|x86.Build.0 = Debug|Any CPU
		{24794874-5A2A-46F8-B966-8E0676E6E2BA}.Debug|x86.Deploy.0 = Debug|Any CPU
		{24794874-5A2A-46F8-B966-8E0676E6E2BA}.Release|Any CPU.ActiveCfg = Release|Any CPU
		{24794874-5A2A-46F8-B966-8E0676E6E2BA}.Release|Any CPU.Build.0 = Release|Any CPU
		{24794874-5A2A-46F8-B966-8E0676E6E2BA}.Release|Any CPU.Deploy.0 = Release|Any CPU
		{24794874-5A2A-46F8-B966-8E0676E6E2BA}.Release|ARM.ActiveCfg = Release|Any CPU
		{24794874-5A2A-46F8-B966-8E0676E6E2BA}.Release|ARM.Build.0 = Release|Any CPU
		{24794874-5A2A-46F8-B966-8E0676E6E2BA}.Release|ARM.Deploy.0 = Release|Any CPU
		{24794874-5A2A-46F8-B966-8E0676E6E2BA}.Release|iPhone.ActiveCfg = Release|Any CPU
		{24794874-5A2A-46F8-B966-8E0676E6E2BA}.Release|iPhone.Build.0 = Release|Any CPU
		{24794874-5A2A-46F8-B966-8E0676E6E2BA}.Release|iPhone.Deploy.0 = Release|Any CPU
		{24794874-5A2A-46F8-B966-8E0676E6E2BA}.Release|iPhoneSimulator.ActiveCfg = Release|Any CPU
		{24794874-5A2A-46F8-B966-8E0676E6E2BA}.Release|iPhoneSimulator.Build.0 = Release|Any CPU
		{24794874-5A2A-46F8-B966-8E0676E6E2BA}.Release|iPhoneSimulator.Deploy.0 = Release|Any CPU
		{24794874-5A2A-46F8-B966-8E0676E6E2BA}.Release|x64.ActiveCfg = Release|Any CPU
		{24794874-5A2A-46F8-B966-8E0676E6E2BA}.Release|x64.Build.0 = Release|Any CPU
		{24794874-5A2A-46F8-B966-8E0676E6E2BA}.Release|x64.Deploy.0 = Release|Any CPU
		{24794874-5A2A-46F8-B966-8E0676E6E2BA}.Release|x86.ActiveCfg = Release|Any CPU
		{24794874-5A2A-46F8-B966-8E0676E6E2BA}.Release|x86.Build.0 = Release|Any CPU
		{24794874-5A2A-46F8-B966-8E0676E6E2BA}.Release|x86.Deploy.0 = Release|Any CPU
	EndGlobalSection
	GlobalSection(SolutionProperties) = preSolution
		HideSolutionNode = FALSE
	EndGlobalSection
	GlobalSection(ExtensibilityGlobals) = postSolution
		SolutionGuid = {C5F84A12-4780-44BD-8525-8CEBF3FFBA1E}
	EndGlobalSection
EndGlobal
