
Microsoft Visual Studio Solution File, Format Version 12.00
# Visual Studio 15
VisualStudioVersion = 15.0.28307.168
MinimumVisualStudioVersion = 10.0.40219.1
Project("{FAE04EC0-301F-11D3-BF4B-00C04F79EFBC}") = "mobileAnimations.Android", "mobileAnimations\mobileAnimations.Android\mobileAnimations.Android.csproj", "{88B2CF59-4069-4A26-9685-F22887454376}"
EndProject
Project("{FAE04EC0-301F-11D3-BF4B-00C04F79EFBC}") = "mobileAnimations.iOS", "mobileAnimations\mobileAnimations.iOS\mobileAnimations.iOS.csproj", "{BA167425-5F08-4FD0-BDEF-E629A2A1B751}"
EndProject
Project("{FAE04EC0-301F-11D3-BF4B-00C04F79EFBC}") = "mobileAnimations.UWP", "mobileAnimations\mobileAnimations.UWP\mobileAnimations.UWP.csproj", "{55795B6A-2CC1-48D2-B81C-86DCC9A53691}"
EndProject
Project("{FAE04EC0-301F-11D3-BF4B-00C04F79EFBC}") = "mobileAnimations", "mobileAnimations\mobileAnimations\mobileAnimations.csproj", "{04CCE1B6-D610-4D71-BDFD-425B7EA6CB78}"
EndProject
Global
	GlobalSection(SolutionConfigurationPlatforms) = preSolution
		Ad-Hoc|Any CPU = Ad-Hoc|Any CPU
		Ad-Hoc|ARM = Ad-Hoc|ARM
		Ad-Hoc|iPhone = Ad-Hoc|iPhone
		Ad-Hoc|iPhoneSimulator = Ad-Hoc|iPhoneSimulator
		Ad-Hoc|x64 = Ad-Hoc|x64
		Ad-Hoc|x86 = Ad-Hoc|x86
		AppStore|Any CPU = AppStore|Any CPU
		AppStore|ARM = AppStore|ARM
		AppStore|iPhone = AppStore|iPhone
		AppStore|iPhoneSimulator = AppStore|iPhoneSimulator
		AppStore|x64 = AppStore|x64
		AppStore|x86 = AppStore|x86
		Debug|Any CPU = Debug|Any CPU
		Debug|ARM = Debug|ARM
		Debug|iPhone = Debug|iPhone
		Debug|iPhoneSimulator = Debug|iPhoneSimulator
		Debug|x64 = Debug|x64
		Debug|x86 = Debug|x86
		Release|Any CPU = Release|Any CPU
		Release|ARM = Release|ARM
		Release|iPhone = Release|iPhone
		Release|iPhoneSimulator = Release|iPhoneSimulator
		Release|x64 = Release|x64
		Release|x86 = Release|x86
	EndGlobalSection
	GlobalSection(ProjectConfigurationPlatforms) = postSolution
		{88B2CF59-4069-4A26-9685-F22887454376}.Ad-Hoc|Any CPU.ActiveCfg = Release|Any CPU
		{88B2CF59-4069-4A26-9685-F22887454376}.Ad-Hoc|Any CPU.Build.0 = Release|Any CPU
		{88B2CF59-4069-4A26-9685-F22887454376}.Ad-Hoc|Any CPU.Deploy.0 = Release|Any CPU
		{88B2CF59-4069-4A26-9685-F22887454376}.Ad-Hoc|ARM.ActiveCfg = Release|Any CPU
		{88B2CF59-4069-4A26-9685-F22887454376}.Ad-Hoc|ARM.Build.0 = Release|Any CPU
		{88B2CF59-4069-4A26-9685-F22887454376}.Ad-Hoc|ARM.Deploy.0 = Release|Any CPU
		{88B2CF59-4069-4A26-9685-F22887454376}.Ad-Hoc|iPhone.ActiveCfg = Release|Any CPU
		{88B2CF59-4069-4A26-9685-F22887454376}.Ad-Hoc|iPhone.Build.0 = Release|Any CPU
		{88B2CF59-4069-4A26-9685-F22887454376}.Ad-Hoc|iPhone.Deploy.0 = Release|Any CPU
		{88B2CF59-4069-4A26-9685-F22887454376}.Ad-Hoc|iPhoneSimulator.ActiveCfg = Release|Any CPU
		{88B2CF59-4069-4A26-9685-F22887454376}.Ad-Hoc|iPhoneSimulator.Build.0 = Release|Any CPU
		{88B2CF59-4069-4A26-9685-F22887454376}.Ad-Hoc|iPhoneSimulator.Deploy.0 = Release|Any CPU
		{88B2CF59-4069-4A26-9685-F22887454376}.Ad-Hoc|x64.ActiveCfg = Release|Any CPU
		{88B2CF59-4069-4A26-9685-F22887454376}.Ad-Hoc|x64.Build.0 = Release|Any CPU
		{88B2CF59-4069-4A26-9685-F22887454376}.Ad-Hoc|x64.Deploy.0 = Release|Any CPU
		{88B2CF59-4069-4A26-9685-F22887454376}.Ad-Hoc|x86.ActiveCfg = Release|Any CPU
		{88B2CF59-4069-4A26-9685-F22887454376}.Ad-Hoc|x86.Build.0 = Release|Any CPU
		{88B2CF59-4069-4A26-9685-F22887454376}.Ad-Hoc|x86.Deploy.0 = Release|Any CPU
		{88B2CF59-4069-4A26-9685-F22887454376}.AppStore|Any CPU.ActiveCfg = Release|Any CPU
		{88B2CF59-4069-4A26-9685-F22887454376}.AppStore|Any CPU.Build.0 = Release|Any CPU
		{88B2CF59-4069-4A26-9685-F22887454376}.AppStore|Any CPU.Deploy.0 = Release|Any CPU
		{88B2CF59-4069-4A26-9685-F22887454376}.AppStore|ARM.ActiveCfg = Release|Any CPU
		{88B2CF59-4069-4A26-9685-F22887454376}.AppStore|ARM.Build.0 = Release|Any CPU
		{88B2CF59-4069-4A26-9685-F22887454376}.AppStore|ARM.Deploy.0 = Release|Any CPU
		{88B2CF59-4069-4A26-9685-F22887454376}.AppStore|iPhone.ActiveCfg = Release|Any CPU
		{88B2CF59-4069-4A26-9685-F22887454376}.AppStore|iPhone.Build.0 = Release|Any CPU
		{88B2CF59-4069-4A26-9685-F22887454376}.AppStore|iPhone.Deploy.0 = Release|Any CPU
		{88B2CF59-4069-4A26-9685-F22887454376}.AppStore|iPhoneSimulator.ActiveCfg = Release|Any CPU
		{88B2CF59-4069-4A26-9685-F22887454376}.AppStore|iPhoneSimulator.Build.0 = Release|Any CPU
		{88B2CF59-4069-4A26-9685-F22887454376}.AppStore|iPhoneSimulator.Deploy.0 = Release|Any CPU
		{88B2CF59-4069-4A26-9685-F22887454376}.AppStore|x64.ActiveCfg = Release|Any CPU
		{88B2CF59-4069-4A26-9685-F22887454376}.AppStore|x64.Build.0 = Release|Any CPU
		{88B2CF59-4069-4A26-9685-F22887454376}.AppStore|x64.Deploy.0 = Release|Any CPU
		{88B2CF59-4069-4A26-9685-F22887454376}.AppStore|x86.ActiveCfg = Release|Any CPU
		{88B2CF59-4069-4A26-9685-F22887454376}.AppStore|x86.Build.0 = Release|Any CPU
		{88B2CF59-4069-4A26-9685-F22887454376}.AppStore|x86.Deploy.0 = Release|Any CPU
		{88B2CF59-4069-4A26-9685-F22887454376}.Debug|Any CPU.ActiveCfg = Debug|Any CPU
		{88B2CF59-4069-4A26-9685-F22887454376}.Debug|Any CPU.Build.0 = Debug|Any CPU
		{88B2CF59-4069-4A26-9685-F22887454376}.Debug|Any CPU.Deploy.0 = Debug|Any CPU
		{88B2CF59-4069-4A26-9685-F22887454376}.Debug|ARM.ActiveCfg = Debug|Any CPU
		{88B2CF59-4069-4A26-9685-F22887454376}.Debug|ARM.Build.0 = Debug|Any CPU
		{88B2CF59-4069-4A26-9685-F22887454376}.Debug|ARM.Deploy.0 = Debug|Any CPU
		{88B2CF59-4069-4A26-9685-F22887454376}.Debug|iPhone.ActiveCfg = Debug|Any CPU
		{88B2CF59-4069-4A26-9685-F22887454376}.Debug|iPhone.Build.0 = Debug|Any CPU
		{88B2CF59-4069-4A26-9685-F22887454376}.Debug|iPhone.Deploy.0 = Debug|Any CPU
		{88B2CF59-4069-4A26-9685-F22887454376}.Debug|iPhoneSimulator.ActiveCfg = Debug|Any CPU
		{88B2CF59-4069-4A26-9685-F22887454376}.Debug|iPhoneSimulator.Build.0 = Debug|Any CPU
		{88B2CF59-4069-4A26-9685-F22887454376}.Debug|iPhoneSimulator.Deploy.0 = Debug|Any CPU
		{88B2CF59-4069-4A26-9685-F22887454376}.Debug|x64.ActiveCfg = Debug|Any CPU
		{88B2CF59-4069-4A26-9685-F22887454376}.Debug|x64.Build.0 = Debug|Any CPU
		{88B2CF59-4069-4A26-9685-F22887454376}.Debug|x64.Deploy.0 = Debug|Any CPU
		{88B2CF59-4069-4A26-9685-F22887454376}.Debug|x86.ActiveCfg = Debug|Any CPU
		{88B2CF59-4069-4A26-9685-F22887454376}.Debug|x86.Build.0 = Debug|Any CPU
		{88B2CF59-4069-4A26-9685-F22887454376}.Debug|x86.Deploy.0 = Debug|Any CPU
		{88B2CF59-4069-4A26-9685-F22887454376}.Release|Any CPU.ActiveCfg = Release|Any CPU
		{88B2CF59-4069-4A26-9685-F22887454376}.Release|Any CPU.Build.0 = Release|Any CPU
		{88B2CF59-4069-4A26-9685-F22887454376}.Release|Any CPU.Deploy.0 = Release|Any CPU
		{88B2CF59-4069-4A26-9685-F22887454376}.Release|ARM.ActiveCfg = Release|Any CPU
		{88B2CF59-4069-4A26-9685-F22887454376}.Release|ARM.Build.0 = Release|Any CPU
		{88B2CF59-4069-4A26-9685-F22887454376}.Release|ARM.Deploy.0 = Release|Any CPU
		{88B2CF59-4069-4A26-9685-F22887454376}.Release|iPhone.ActiveCfg = Release|Any CPU
		{88B2CF59-4069-4A26-9685-F22887454376}.Release|iPhone.Build.0 = Release|Any CPU
		{88B2CF59-4069-4A26-9685-F22887454376}.Release|iPhone.Deploy.0 = Release|Any CPU
		{88B2CF59-4069-4A26-9685-F22887454376}.Release|iPhoneSimulator.ActiveCfg = Release|Any CPU
		{88B2CF59-4069-4A26-9685-F22887454376}.Release|iPhoneSimulator.Build.0 = Release|Any CPU
		{88B2CF59-4069-4A26-9685-F22887454376}.Release|iPhoneSimulator.Deploy.0 = Release|Any CPU
		{88B2CF59-4069-4A26-9685-F22887454376}.Release|x64.ActiveCfg = Release|Any CPU
		{88B2CF59-4069-4A26-9685-F22887454376}.Release|x64.Build.0 = Release|Any CPU
		{88B2CF59-4069-4A26-9685-F22887454376}.Release|x64.Deploy.0 = Release|Any CPU
		{88B2CF59-4069-4A26-9685-F22887454376}.Release|x86.ActiveCfg = Release|Any CPU
		{88B2CF59-4069-4A26-9685-F22887454376}.Release|x86.Build.0 = Release|Any CPU
		{88B2CF59-4069-4A26-9685-F22887454376}.Release|x86.Deploy.0 = Release|Any CPU
		{BA167425-5F08-4FD0-BDEF-E629A2A1B751}.Ad-Hoc|Any CPU.ActiveCfg = Ad-Hoc|iPhone
		{BA167425-5F08-4FD0-BDEF-E629A2A1B751}.Ad-Hoc|Any CPU.Build.0 = Ad-Hoc|iPhone
		{BA167425-5F08-4FD0-BDEF-E629A2A1B751}.Ad-Hoc|Any CPU.Deploy.0 = Ad-Hoc|iPhone
		{BA167425-5F08-4FD0-BDEF-E629A2A1B751}.Ad-Hoc|ARM.ActiveCfg = Ad-Hoc|iPhone
		{BA167425-5F08-4FD0-BDEF-E629A2A1B751}.Ad-Hoc|ARM.Build.0 = Ad-Hoc|iPhone
		{BA167425-5F08-4FD0-BDEF-E629A2A1B751}.Ad-Hoc|ARM.Deploy.0 = Ad-Hoc|iPhone
		{BA167425-5F08-4FD0-BDEF-E629A2A1B751}.Ad-Hoc|iPhone.ActiveCfg = Ad-Hoc|iPhone
		{BA167425-5F08-4FD0-BDEF-E629A2A1B751}.Ad-Hoc|iPhone.Build.0 = Ad-Hoc|iPhone
		{BA167425-5F08-4FD0-BDEF-E629A2A1B751}.Ad-Hoc|iPhone.Deploy.0 = Ad-Hoc|iPhone
		{BA167425-5F08-4FD0-BDEF-E629A2A1B751}.Ad-Hoc|iPhoneSimulator.ActiveCfg = Ad-Hoc|iPhoneSimulator
		{BA167425-5F08-4FD0-BDEF-E629A2A1B751}.Ad-Hoc|iPhoneSimulator.Build.0 = Ad-Hoc|iPhoneSimulator
		{BA167425-5F08-4FD0-BDEF-E629A2A1B751}.Ad-Hoc|iPhoneSimulator.Deploy.0 = Ad-Hoc|iPhoneSimulator
		{BA167425-5F08-4FD0-BDEF-E629A2A1B751}.Ad-Hoc|x64.ActiveCfg = Ad-Hoc|iPhone
		{BA167425-5F08-4FD0-BDEF-E629A2A1B751}.Ad-Hoc|x64.Build.0 = Ad-Hoc|iPhone
		{BA167425-5F08-4FD0-BDEF-E629A2A1B751}.Ad-Hoc|x64.Deploy.0 = Ad-Hoc|iPhone
		{BA167425-5F08-4FD0-BDEF-E629A2A1B751}.Ad-Hoc|x86.ActiveCfg = Ad-Hoc|iPhone
		{BA167425-5F08-4FD0-BDEF-E629A2A1B751}.Ad-Hoc|x86.Build.0 = Ad-Hoc|iPhone
		{BA167425-5F08-4FD0-BDEF-E629A2A1B751}.Ad-Hoc|x86.Deploy.0 = Ad-Hoc|iPhone
		{BA167425-5F08-4FD0-BDEF-E629A2A1B751}.AppStore|Any CPU.ActiveCfg = AppStore|iPhone
		{BA167425-5F08-4FD0-BDEF-E629A2A1B751}.AppStore|Any CPU.Build.0 = AppStore|iPhone
		{BA167425-5F08-4FD0-BDEF-E629A2A1B751}.AppStore|Any CPU.Deploy.0 = AppStore|iPhone
		{BA167425-5F08-4FD0-BDEF-E629A2A1B751}.AppStore|ARM.ActiveCfg = AppStore|iPhone
		{BA167425-5F08-4FD0-BDEF-E629A2A1B751}.AppStore|ARM.Build.0 = AppStore|iPhone
		{BA167425-5F08-4FD0-BDEF-E629A2A1B751}.AppStore|ARM.Deploy.0 = AppStore|iPhone
		{BA167425-5F08-4FD0-BDEF-E629A2A1B751}.AppStore|iPhone.ActiveCfg = AppStore|iPhone
		{BA167425-5F08-4FD0-BDEF-E629A2A1B751}.AppStore|iPhone.Build.0 = AppStore|iPhone
		{BA167425-5F08-4FD0-BDEF-E629A2A1B751}.AppStore|iPhone.Deploy.0 = AppStore|iPhone
		{BA167425-5F08-4FD0-BDEF-E629A2A1B751}.AppStore|iPhoneSimulator.ActiveCfg = AppStore|iPhoneSimulator
		{BA167425-5F08-4FD0-BDEF-E629A2A1B751}.AppStore|iPhoneSimulator.Build.0 = AppStore|iPhoneSimulator
		{BA167425-5F08-4FD0-BDEF-E629A2A1B751}.AppStore|iPhoneSimulator.Deploy.0 = AppStore|iPhoneSimulator
		{BA167425-5F08-4FD0-BDEF-E629A2A1B751}.AppStore|x64.ActiveCfg = AppStore|iPhone
		{BA167425-5F08-4FD0-BDEF-E629A2A1B751}.AppStore|x64.Build.0 = AppStore|iPhone
		{BA167425-5F08-4FD0-BDEF-E629A2A1B751}.AppStore|x64.Deploy.0 = AppStore|iPhone
		{BA167425-5F08-4FD0-BDEF-E629A2A1B751}.AppStore|x86.ActiveCfg = AppStore|iPhone
		{BA167425-5F08-4FD0-BDEF-E629A2A1B751}.AppStore|x86.Build.0 = AppStore|iPhone
		{BA167425-5F08-4FD0-BDEF-E629A2A1B751}.AppStore|x86.Deploy.0 = AppStore|iPhone
		{BA167425-5F08-4FD0-BDEF-E629A2A1B751}.Debug|Any CPU.ActiveCfg = Debug|iPhoneSimulator
		{BA167425-5F08-4FD0-BDEF-E629A2A1B751}.Debug|Any CPU.Build.0 = Debug|iPhoneSimulator
		{BA167425-5F08-4FD0-BDEF-E629A2A1B751}.Debug|Any CPU.Deploy.0 = Debug|iPhoneSimulator
		{BA167425-5F08-4FD0-BDEF-E629A2A1B751}.Debug|ARM.ActiveCfg = Debug|iPhone
		{BA167425-5F08-4FD0-BDEF-E629A2A1B751}.Debug|ARM.Build.0 = Debug|iPhone
		{BA167425-5F08-4FD0-BDEF-E629A2A1B751}.Debug|ARM.Deploy.0 = Debug|iPhone
		{BA167425-5F08-4FD0-BDEF-E629A2A1B751}.Debug|iPhone.ActiveCfg = Debug|iPhone
		{BA167425-5F08-4FD0-BDEF-E629A2A1B751}.Debug|iPhone.Build.0 = Debug|iPhone
		{BA167425-5F08-4FD0-BDEF-E629A2A1B751}.Debug|iPhone.Deploy.0 = Debug|iPhone
		{BA167425-5F08-4FD0-BDEF-E629A2A1B751}.Debug|iPhoneSimulator.ActiveCfg = Debug|iPhoneSimulator
		{BA167425-5F08-4FD0-BDEF-E629A2A1B751}.Debug|iPhoneSimulator.Build.0 = Debug|iPhoneSimulator
		{BA167425-5F08-4FD0-BDEF-E629A2A1B751}.Debug|iPhoneSimulator.Deploy.0 = Debug|iPhoneSimulator
		{BA167425-5F08-4FD0-BDEF-E629A2A1B751}.Debug|x64.ActiveCfg = Debug|iPhone
		{BA167425-5F08-4FD0-BDEF-E629A2A1B751}.Debug|x64.Build.0 = Debug|iPhone
		{BA167425-5F08-4FD0-BDEF-E629A2A1B751}.Debug|x64.Deploy.0 = Debug|iPhone
		{BA167425-5F08-4FD0-BDEF-E629A2A1B751}.Debug|x86.ActiveCfg = Debug|iPhone
		{BA167425-5F08-4FD0-BDEF-E629A2A1B751}.Debug|x86.Build.0 = Debug|iPhone
		{BA167425-5F08-4FD0-BDEF-E629A2A1B751}.Debug|x86.Deploy.0 = Debug|iPhone
		{BA167425-5F08-4FD0-BDEF-E629A2A1B751}.Release|Any CPU.ActiveCfg = Release|iPhone
		{BA167425-5F08-4FD0-BDEF-E629A2A1B751}.Release|Any CPU.Build.0 = Release|iPhone
		{BA167425-5F08-4FD0-BDEF-E629A2A1B751}.Release|Any CPU.Deploy.0 = Release|iPhone
		{BA167425-5F08-4FD0-BDEF-E629A2A1B751}.Release|ARM.ActiveCfg = Release|iPhone
		{BA167425-5F08-4FD0-BDEF-E629A2A1B751}.Release|ARM.Build.0 = Release|iPhone
		{BA167425-5F08-4FD0-BDEF-E629A2A1B751}.Release|ARM.Deploy.0 = Release|iPhone
		{BA167425-5F08-4FD0-BDEF-E629A2A1B751}.Release|iPhone.ActiveCfg = Release|iPhone
		{BA167425-5F08-4FD0-BDEF-E629A2A1B751}.Release|iPhone.Build.0 = Release|iPhone
		{BA167425-5F08-4FD0-BDEF-E629A2A1B751}.Release|iPhone.Deploy.0 = Release|iPhone
		{BA167425-5F08-4FD0-BDEF-E629A2A1B751}.Release|iPhoneSimulator.ActiveCfg = Release|iPhoneSimulator
		{BA167425-5F08-4FD0-BDEF-E629A2A1B751}.Release|iPhoneSimulator.Build.0 = Release|iPhoneSimulator
		{BA167425-5F08-4FD0-BDEF-E629A2A1B751}.Release|iPhoneSimulator.Deploy.0 = Release|iPhoneSimulator
		{BA167425-5F08-4FD0-BDEF-E629A2A1B751}.Release|x64.ActiveCfg = Release|iPhone
		{BA167425-5F08-4FD0-BDEF-E629A2A1B751}.Release|x64.Build.0 = Release|iPhone
		{BA167425-5F08-4FD0-BDEF-E629A2A1B751}.Release|x64.Deploy.0 = Release|iPhone
		{BA167425-5F08-4FD0-BDEF-E629A2A1B751}.Release|x86.ActiveCfg = Release|iPhone
		{BA167425-5F08-4FD0-BDEF-E629A2A1B751}.Release|x86.Build.0 = Release|iPhone
		{BA167425-5F08-4FD0-BDEF-E629A2A1B751}.Release|x86.Deploy.0 = Release|iPhone
		{55795B6A-2CC1-48D2-B81C-86DCC9A53691}.Ad-Hoc|Any CPU.ActiveCfg = Release|x86
		{55795B6A-2CC1-48D2-B81C-86DCC9A53691}.Ad-Hoc|Any CPU.Build.0 = Release|x86
		{55795B6A-2CC1-48D2-B81C-86DCC9A53691}.Ad-Hoc|Any CPU.Deploy.0 = Release|x86
		{55795B6A-2CC1-48D2-B81C-86DCC9A53691}.Ad-Hoc|ARM.ActiveCfg = Release|ARM
		{55795B6A-2CC1-48D2-B81C-86DCC9A53691}.Ad-Hoc|ARM.Build.0 = Release|ARM
		{55795B6A-2CC1-48D2-B81C-86DCC9A53691}.Ad-Hoc|ARM.Deploy.0 = Release|ARM
		{55795B6A-2CC1-48D2-B81C-86DCC9A53691}.Ad-Hoc|iPhone.ActiveCfg = Release|x86
		{55795B6A-2CC1-48D2-B81C-86DCC9A53691}.Ad-Hoc|iPhone.Build.0 = Release|x86
		{55795B6A-2CC1-48D2-B81C-86DCC9A53691}.Ad-Hoc|iPhone.Deploy.0 = Release|x86
		{55795B6A-2CC1-48D2-B81C-86DCC9A53691}.Ad-Hoc|iPhoneSimulator.ActiveCfg = Release|x86
		{55795B6A-2CC1-48D2-B81C-86DCC9A53691}.Ad-Hoc|iPhoneSimulator.Build.0 = Release|x86
		{55795B6A-2CC1-48D2-B81C-86DCC9A53691}.Ad-Hoc|iPhoneSimulator.Deploy.0 = Release|x86
		{55795B6A-2CC1-48D2-B81C-86DCC9A53691}.Ad-Hoc|x64.ActiveCfg = Release|x64
		{55795B6A-2CC1-48D2-B81C-86DCC9A53691}.Ad-Hoc|x64.Build.0 = Release|x64
		{55795B6A-2CC1-48D2-B81C-86DCC9A53691}.Ad-Hoc|x64.Deploy.0 = Release|x64
		{55795B6A-2CC1-48D2-B81C-86DCC9A53691}.Ad-Hoc|x86.ActiveCfg = Release|x86
		{55795B6A-2CC1-48D2-B81C-86DCC9A53691}.Ad-Hoc|x86.Build.0 = Release|x86
		{55795B6A-2CC1-48D2-B81C-86DCC9A53691}.Ad-Hoc|x86.Deploy.0 = Release|x86
		{55795B6A-2CC1-48D2-B81C-86DCC9A53691}.AppStore|Any CPU.ActiveCfg = Release|x86
		{55795B6A-2CC1-48D2-B81C-86DCC9A53691}.AppStore|Any CPU.Build.0 = Release|x86
		{55795B6A-2CC1-48D2-B81C-86DCC9A53691}.AppStore|Any CPU.Deploy.0 = Release|x86
		{55795B6A-2CC1-48D2-B81C-86DCC9A53691}.AppStore|ARM.ActiveCfg = Release|ARM
		{55795B6A-2CC1-48D2-B81C-86DCC9A53691}.AppStore|ARM.Build.0 = Release|ARM
		{55795B6A-2CC1-48D2-B81C-86DCC9A53691}.AppStore|ARM.Deploy.0 = Release|ARM
		{55795B6A-2CC1-48D2-B81C-86DCC9A53691}.AppStore|iPhone.ActiveCfg = Release|x86
		{55795B6A-2CC1-48D2-B81C-86DCC9A53691}.AppStore|iPhone.Build.0 = Release|x86
		{55795B6A-2CC1-48D2-B81C-86DCC9A53691}.AppStore|iPhone.Deploy.0 = Release|x86
		{55795B6A-2CC1-48D2-B81C-86DCC9A53691}.AppStore|iPhoneSimulator.ActiveCfg = Release|x86
		{55795B6A-2CC1-48D2-B81C-86DCC9A53691}.AppStore|iPhoneSimulator.Build.0 = Release|x86
		{55795B6A-2CC1-48D2-B81C-86DCC9A53691}.AppStore|iPhoneSimulator.Deploy.0 = Release|x86
		{55795B6A-2CC1-48D2-B81C-86DCC9A53691}.AppStore|x64.ActiveCfg = Release|x64
		{55795B6A-2CC1-48D2-B81C-86DCC9A53691}.AppStore|x64.Build.0 = Release|x64
		{55795B6A-2CC1-48D2-B81C-86DCC9A53691}.AppStore|x64.Deploy.0 = Release|x64
		{55795B6A-2CC1-48D2-B81C-86DCC9A53691}.AppStore|x86.ActiveCfg = Release|x86
		{55795B6A-2CC1-48D2-B81C-86DCC9A53691}.AppStore|x86.Build.0 = Release|x86
		{55795B6A-2CC1-48D2-B81C-86DCC9A53691}.AppStore|x86.Deploy.0 = Release|x86
		{55795B6A-2CC1-48D2-B81C-86DCC9A53691}.Debug|Any CPU.ActiveCfg = Debug|x86
		{55795B6A-2CC1-48D2-B81C-86DCC9A53691}.Debug|Any CPU.Build.0 = Debug|x86
		{55795B6A-2CC1-48D2-B81C-86DCC9A53691}.Debug|Any CPU.Deploy.0 = Debug|x86
		{55795B6A-2CC1-48D2-B81C-86DCC9A53691}.Debug|ARM.ActiveCfg = Debug|ARM
		{55795B6A-2CC1-48D2-B81C-86DCC9A53691}.Debug|ARM.Build.0 = Debug|ARM
		{55795B6A-2CC1-48D2-B81C-86DCC9A53691}.Debug|ARM.Deploy.0 = Debug|ARM
		{55795B6A-2CC1-48D2-B81C-86DCC9A53691}.Debug|iPhone.ActiveCfg = Debug|x86
		{55795B6A-2CC1-48D2-B81C-86DCC9A53691}.Debug|iPhone.Build.0 = Debug|x86
		{55795B6A-2CC1-48D2-B81C-86DCC9A53691}.Debug|iPhone.Deploy.0 = Debug|x86
		{55795B6A-2CC1-48D2-B81C-86DCC9A53691}.Debug|iPhoneSimulator.ActiveCfg = Debug|x86
		{55795B6A-2CC1-48D2-B81C-86DCC9A53691}.Debug|iPhoneSimulator.Build.0 = Debug|x86
		{55795B6A-2CC1-48D2-B81C-86DCC9A53691}.Debug|iPhoneSimulator.Deploy.0 = Debug|x86
		{55795B6A-2CC1-48D2-B81C-86DCC9A53691}.Debug|x64.ActiveCfg = Debug|x64
		{55795B6A-2CC1-48D2-B81C-86DCC9A53691}.Debug|x64.Build.0 = Debug|x64
		{55795B6A-2CC1-48D2-B81C-86DCC9A53691}.Debug|x64.Deploy.0 = Debug|x64
		{55795B6A-2CC1-48D2-B81C-86DCC9A53691}.Debug|x86.ActiveCfg = Debug|x86
		{55795B6A-2CC1-48D2-B81C-86DCC9A53691}.Debug|x86.Build.0 = Debug|x86
		{55795B6A-2CC1-48D2-B81C-86DCC9A53691}.Debug|x86.Deploy.0 = Debug|x86
		{55795B6A-2CC1-48D2-B81C-86DCC9A53691}.Release|Any CPU.ActiveCfg = Release|x86
		{55795B6A-2CC1-48D2-B81C-86DCC9A53691}.Release|Any CPU.Build.0 = Release|x86
		{55795B6A-2CC1-48D2-B81C-86DCC9A53691}.Release|Any CPU.Deploy.0 = Release|x86
		{55795B6A-2CC1-48D2-B81C-86DCC9A53691}.Release|ARM.ActiveCfg = Release|ARM
		{55795B6A-2CC1-48D2-B81C-86DCC9A53691}.Release|ARM.Build.0 = Release|ARM
		{55795B6A-2CC1-48D2-B81C-86DCC9A53691}.Release|ARM.Deploy.0 = Release|ARM
		{55795B6A-2CC1-48D2-B81C-86DCC9A53691}.Release|iPhone.ActiveCfg = Release|x86
		{55795B6A-2CC1-48D2-B81C-86DCC9A53691}.Release|iPhone.Build.0 = Release|x86
		{55795B6A-2CC1-48D2-B81C-86DCC9A53691}.Release|iPhone.Deploy.0 = Release|x86
		{55795B6A-2CC1-48D2-B81C-86DCC9A53691}.Release|iPhoneSimulator.ActiveCfg = Release|x86
		{55795B6A-2CC1-48D2-B81C-86DCC9A53691}.Release|iPhoneSimulator.Build.0 = Release|x86
		{55795B6A-2CC1-48D2-B81C-86DCC9A53691}.Release|iPhoneSimulator.Deploy.0 = Release|x86
		{55795B6A-2CC1-48D2-B81C-86DCC9A53691}.Release|x64.ActiveCfg = Release|x64
		{55795B6A-2CC1-48D2-B81C-86DCC9A53691}.Release|x64.Build.0 = Release|x64
		{55795B6A-2CC1-48D2-B81C-86DCC9A53691}.Release|x64.Deploy.0 = Release|x64
		{55795B6A-2CC1-48D2-B81C-86DCC9A53691}.Release|x86.ActiveCfg = Release|x86
		{55795B6A-2CC1-48D2-B81C-86DCC9A53691}.Release|x86.Build.0 = Release|x86
		{55795B6A-2CC1-48D2-B81C-86DCC9A53691}.Release|x86.Deploy.0 = Release|x86
		{04CCE1B6-D610-4D71-BDFD-425B7EA6CB78}.Ad-Hoc|Any CPU.ActiveCfg = Debug|Any CPU
		{04CCE1B6-D610-4D71-BDFD-425B7EA6CB78}.Ad-Hoc|Any CPU.Build.0 = Debug|Any CPU
		{04CCE1B6-D610-4D71-BDFD-425B7EA6CB78}.Ad-Hoc|Any CPU.Deploy.0 = Debug|Any CPU
		{04CCE1B6-D610-4D71-BDFD-425B7EA6CB78}.Ad-Hoc|ARM.ActiveCfg = Debug|Any CPU
		{04CCE1B6-D610-4D71-BDFD-425B7EA6CB78}.Ad-Hoc|ARM.Build.0 = Debug|Any CPU
		{04CCE1B6-D610-4D71-BDFD-425B7EA6CB78}.Ad-Hoc|ARM.Deploy.0 = Debug|Any CPU
		{04CCE1B6-D610-4D71-BDFD-425B7EA6CB78}.Ad-Hoc|iPhone.ActiveCfg = Debug|Any CPU
		{04CCE1B6-D610-4D71-BDFD-425B7EA6CB78}.Ad-Hoc|iPhone.Build.0 = Debug|Any CPU
		{04CCE1B6-D610-4D71-BDFD-425B7EA6CB78}.Ad-Hoc|iPhone.Deploy.0 = Debug|Any CPU
		{04CCE1B6-D610-4D71-BDFD-425B7EA6CB78}.Ad-Hoc|iPhoneSimulator.ActiveCfg = Debug|Any CPU
		{04CCE1B6-D610-4D71-BDFD-425B7EA6CB78}.Ad-Hoc|iPhoneSimulator.Build.0 = Debug|Any CPU
		{04CCE1B6-D610-4D71-BDFD-425B7EA6CB78}.Ad-Hoc|iPhoneSimulator.Deploy.0 = Debug|Any CPU
		{04CCE1B6-D610-4D71-BDFD-425B7EA6CB78}.Ad-Hoc|x64.ActiveCfg = Debug|Any CPU
		{04CCE1B6-D610-4D71-BDFD-425B7EA6CB78}.Ad-Hoc|x64.Build.0 = Debug|Any CPU
		{04CCE1B6-D610-4D71-BDFD-425B7EA6CB78}.Ad-Hoc|x64.Deploy.0 = Debug|Any CPU
		{04CCE1B6-D610-4D71-BDFD-425B7EA6CB78}.Ad-Hoc|x86.ActiveCfg = Debug|Any CPU
		{04CCE1B6-D610-4D71-BDFD-425B7EA6CB78}.Ad-Hoc|x86.Build.0 = Debug|Any CPU
		{04CCE1B6-D610-4D71-BDFD-425B7EA6CB78}.Ad-Hoc|x86.Deploy.0 = Debug|Any CPU
		{04CCE1B6-D610-4D71-BDFD-425B7EA6CB78}.AppStore|Any CPU.ActiveCfg = Debug|Any CPU
		{04CCE1B6-D610-4D71-BDFD-425B7EA6CB78}.AppStore|Any CPU.Build.0 = Debug|Any CPU
		{04CCE1B6-D610-4D71-BDFD-425B7EA6CB78}.AppStore|Any CPU.Deploy.0 = Debug|Any CPU
		{04CCE1B6-D610-4D71-BDFD-425B7EA6CB78}.AppStore|ARM.ActiveCfg = Debug|Any CPU
		{04CCE1B6-D610-4D71-BDFD-425B7EA6CB78}.AppStore|ARM.Build.0 = Debug|Any CPU
		{04CCE1B6-D610-4D71-BDFD-425B7EA6CB78}.AppStore|ARM.Deploy.0 = Debug|Any CPU
		{04CCE1B6-D610-4D71-BDFD-425B7EA6CB78}.AppStore|iPhone.ActiveCfg = Debug|Any CPU
		{04CCE1B6-D610-4D71-BDFD-425B7EA6CB78}.AppStore|iPhone.Build.0 = Debug|Any CPU
		{04CCE1B6-D610-4D71-BDFD-425B7EA6CB78}.AppStore|iPhone.Deploy.0 = Debug|Any CPU
		{04CCE1B6-D610-4D71-BDFD-425B7EA6CB78}.AppStore|iPhoneSimulator.ActiveCfg = Debug|Any CPU
		{04CCE1B6-D610-4D71-BDFD-425B7EA6CB78}.AppStore|iPhoneSimulator.Build.0 = Debug|Any CPU
		{04CCE1B6-D610-4D71-BDFD-425B7EA6CB78}.AppStore|iPhoneSimulator.Deploy.0 = Debug|Any CPU
		{04CCE1B6-D610-4D71-BDFD-425B7EA6CB78}.AppStore|x64.ActiveCfg = Debug|Any CPU
		{04CCE1B6-D610-4D71-BDFD-425B7EA6CB78}.AppStore|x64.Build.0 = Debug|Any CPU
		{04CCE1B6-D610-4D71-BDFD-425B7EA6CB78}.AppStore|x64.Deploy.0 = Debug|Any CPU
		{04CCE1B6-D610-4D71-BDFD-425B7EA6CB78}.AppStore|x86.ActiveCfg = Debug|Any CPU
		{04CCE1B6-D610-4D71-BDFD-425B7EA6CB78}.AppStore|x86.Build.0 = Debug|Any CPU
		{04CCE1B6-D610-4D71-BDFD-425B7EA6CB78}.AppStore|x86.Deploy.0 = Debug|Any CPU
		{04CCE1B6-D610-4D71-BDFD-425B7EA6CB78}.Debug|Any CPU.ActiveCfg = Debug|Any CPU
		{04CCE1B6-D610-4D71-BDFD-425B7EA6CB78}.Debug|Any CPU.Build.0 = Debug|Any CPU
		{04CCE1B6-D610-4D71-BDFD-425B7EA6CB78}.Debug|Any CPU.Deploy.0 = Debug|Any CPU
		{04CCE1B6-D610-4D71-BDFD-425B7EA6CB78}.Debug|ARM.ActiveCfg = Debug|Any CPU
		{04CCE1B6-D610-4D71-BDFD-425B7EA6CB78}.Debug|ARM.Build.0 = Debug|Any CPU
		{04CCE1B6-D610-4D71-BDFD-425B7EA6CB78}.Debug|ARM.Deploy.0 = Debug|Any CPU
		{04CCE1B6-D610-4D71-BDFD-425B7EA6CB78}.Debug|iPhone.ActiveCfg = Debug|Any CPU
		{04CCE1B6-D610-4D71-BDFD-425B7EA6CB78}.Debug|iPhone.Build.0 = Debug|Any CPU
		{04CCE1B6-D610-4D71-BDFD-425B7EA6CB78}.Debug|iPhone.Deploy.0 = Debug|Any CPU
		{04CCE1B6-D610-4D71-BDFD-425B7EA6CB78}.Debug|iPhoneSimulator.ActiveCfg = Debug|Any CPU
		{04CCE1B6-D610-4D71-BDFD-425B7EA6CB78}.Debug|iPhoneSimulator.Build.0 = Debug|Any CPU
		{04CCE1B6-D610-4D71-BDFD-425B7EA6CB78}.Debug|iPhoneSimulator.Deploy.0 = Debug|Any CPU
		{04CCE1B6-D610-4D71-BDFD-425B7EA6CB78}.Debug|x64.ActiveCfg = Debug|Any CPU
		{04CCE1B6-D610-4D71-BDFD-425B7EA6CB78}.Debug|x64.Build.0 = Debug|Any CPU
		{04CCE1B6-D610-4D71-BDFD-425B7EA6CB78}.Debug|x64.Deploy.0 = Debug|Any CPU
		{04CCE1B6-D610-4D71-BDFD-425B7EA6CB78}.Debug|x86.ActiveCfg = Debug|Any CPU
		{04CCE1B6-D610-4D71-BDFD-425B7EA6CB78}.Debug|x86.Build.0 = Debug|Any CPU
		{04CCE1B6-D610-4D71-BDFD-425B7EA6CB78}.Debug|x86.Deploy.0 = Debug|Any CPU
		{04CCE1B6-D610-4D71-BDFD-425B7EA6CB78}.Release|Any CPU.ActiveCfg = Release|Any CPU
		{04CCE1B6-D610-4D71-BDFD-425B7EA6CB78}.Release|Any CPU.Build.0 = Release|Any CPU
		{04CCE1B6-D610-4D71-BDFD-425B7EA6CB78}.Release|Any CPU.Deploy.0 = Release|Any CPU
		{04CCE1B6-D610-4D71-BDFD-425B7EA6CB78}.Release|ARM.ActiveCfg = Release|Any CPU
		{04CCE1B6-D610-4D71-BDFD-425B7EA6CB78}.Release|ARM.Build.0 = Release|Any CPU
		{04CCE1B6-D610-4D71-BDFD-425B7EA6CB78}.Release|ARM.Deploy.0 = Release|Any CPU
		{04CCE1B6-D610-4D71-BDFD-425B7EA6CB78}.Release|iPhone.ActiveCfg = Release|Any CPU
		{04CCE1B6-D610-4D71-BDFD-425B7EA6CB78}.Release|iPhone.Build.0 = Release|Any CPU
		{04CCE1B6-D610-4D71-BDFD-425B7EA6CB78}.Release|iPhone.Deploy.0 = Release|Any CPU
		{04CCE1B6-D610-4D71-BDFD-425B7EA6CB78}.Release|iPhoneSimulator.ActiveCfg = Release|Any CPU
		{04CCE1B6-D610-4D71-BDFD-425B7EA6CB78}.Release|iPhoneSimulator.Build.0 = Release|Any CPU
		{04CCE1B6-D610-4D71-BDFD-425B7EA6CB78}.Release|iPhoneSimulator.Deploy.0 = Release|Any CPU
		{04CCE1B6-D610-4D71-BDFD-425B7EA6CB78}.Release|x64.ActiveCfg = Release|Any CPU
		{04CCE1B6-D610-4D71-BDFD-425B7EA6CB78}.Release|x64.Build.0 = Release|Any CPU
		{04CCE1B6-D610-4D71-BDFD-425B7EA6CB78}.Release|x64.Deploy.0 = Release|Any CPU
		{04CCE1B6-D610-4D71-BDFD-425B7EA6CB78}.Release|x86.ActiveCfg = Release|Any CPU
		{04CCE1B6-D610-4D71-BDFD-425B7EA6CB78}.Release|x86.Build.0 = Release|Any CPU
		{04CCE1B6-D610-4D71-BDFD-425B7EA6CB78}.Release|x86.Deploy.0 = Release|Any CPU
	EndGlobalSection
	GlobalSection(SolutionProperties) = preSolution
		HideSolutionNode = FALSE
	EndGlobalSection
	GlobalSection(ExtensibilityGlobals) = postSolution
		SolutionGuid = {59C957DA-AD81-4412-9BF0-FEC9C769FA31}
	EndGlobalSection
EndGlobal
